
Microsoft Visual Studio Solution File, Format Version 12.00
# Visual Studio Version 17
VisualStudioVersion = 17.7.34018.315
MinimumVisualStudioVersion = 10.0.40219.1
Project("{FAE04EC0-301F-11D3-BF4B-00C04F79EFBC}") = "wwââ", "wwââ\wwââ.csproj", "{2946424D-BCDD-4A55-96FC-89E93CA4B5D3}"
EndProject
Global
	GlobalSection(SolutionConfigurationPlatforms) = preSolution
		Debug|Any CPU = Debug|Any CPU
		Release|Any CPU = Release|Any CPU
	EndGlobalSection
	GlobalSection(ProjectConfigurationPlatforms) = postSolution
		{2946424D-BCDD-4A55-96FC-89E93CA4B5D3}.Debug|Any CPU.ActiveCfg = Debug|Any CPU
		{2946424D-BCDD-4A55-96FC-89E93CA4B5D3}.Debug|Any CPU.Build.0 = Debug|Any CPU
		{2946424D-BCDD-4A55-96FC-89E93CA4B5D3}.Release|Any CPU.ActiveCfg = Release|Any CPU
		{2946424D-BCDD-4A55-96FC-89E93CA4B5D3}.Release|Any CPU.Build.0 = Release|Any CPU
	EndGlobalSection
	GlobalSection(SolutionProperties) = preSolution
		HideSolutionNode = FALSE
	EndGlobalSection
	GlobalSection(ExtensibilityGlobals) = postSolution
		SolutionGuid = {0B3B6004-794B-4288-BABB-86B7B616A6EC}
	EndGlobalSection
EndGlobal
